// !$*UTF8*$!
{
	archiveVersion = 1;
	classes = {
	};
	objectVersion = 56;
	objects = {

/* Begin PBXBuildFile section */
		447022DB2A6D2BB1003A10AE /* PokemonApp.swift in Sources */ = {isa = PBXBuildFile; fileRef = 447022DA2A6D2BB1003A10AE /* PokemonApp.swift */; };
		447022DD2A6D2BB1003A10AE /* HomepageView.swift in Sources */ = {isa = PBXBuildFile; fileRef = 447022DC2A6D2BB1003A10AE /* HomepageView.swift */; };
		447022DF2A6D2BB2003A10AE /* Assets.xcassets in Resources */ = {isa = PBXBuildFile; fileRef = 447022DE2A6D2BB2003A10AE /* Assets.xcassets */; };
		447022E22A6D2BB2003A10AE /* Preview Assets.xcassets in Resources */ = {isa = PBXBuildFile; fileRef = 447022E12A6D2BB2003A10AE /* Preview Assets.xcassets */; };
		447022EF2A6D31A7003A10AE /* NetworkService.swift in Sources */ = {isa = PBXBuildFile; fileRef = 447022EE2A6D31A7003A10AE /* NetworkService.swift */; };
		447022F12A6D32DE003A10AE /* RequestBuilder.swift in Sources */ = {isa = PBXBuildFile; fileRef = 447022F02A6D32DE003A10AE /* RequestBuilder.swift */; };
		447022F32A6D3546003A10AE /* HTTPMethod.swift in Sources */ = {isa = PBXBuildFile; fileRef = 447022F22A6D3546003A10AE /* HTTPMethod.swift */; };
		447022F52A6D3648003A10AE /* Environment.swift in Sources */ = {isa = PBXBuildFile; fileRef = 447022F42A6D3648003A10AE /* Environment.swift */; };
		447022FA2A6D3A6C003A10AE /* PokemonRequest.swift in Sources */ = {isa = PBXBuildFile; fileRef = 447022F92A6D3A6C003A10AE /* PokemonRequest.swift */; };
		447022FE2A6D3EA7003A10AE /* Pokemon+Codable.swift in Sources */ = {isa = PBXBuildFile; fileRef = 447022FD2A6D3EA7003A10AE /* Pokemon+Codable.swift */; };
		447023012A6D4955003A10AE /* HomepageViewModel.swift in Sources */ = {isa = PBXBuildFile; fileRef = 447023002A6D4955003A10AE /* HomepageViewModel.swift */; };
		447023042A6D4A65003A10AE /* MaterialCardView.swift in Sources */ = {isa = PBXBuildFile; fileRef = 447023032A6D4A65003A10AE /* MaterialCardView.swift */; };
		447023062A6D4B21003A10AE /* Colors.xcassets in Resources */ = {isa = PBXBuildFile; fileRef = 447023052A6D4B21003A10AE /* Colors.xcassets */; };
		447023092A6D4B64003A10AE /* Color+Extension.swift in Sources */ = {isa = PBXBuildFile; fileRef = 447023082A6D4B64003A10AE /* Color+Extension.swift */; };
		4470230C2A6D56F7003A10AE /* PokemonDetailsView.swift in Sources */ = {isa = PBXBuildFile; fileRef = 4470230B2A6D56F7003A10AE /* PokemonDetailsView.swift */; };
		4470230E2A6D5704003A10AE /* PokemonDetailsViewModel.swift in Sources */ = {isa = PBXBuildFile; fileRef = 4470230D2A6D5704003A10AE /* PokemonDetailsViewModel.swift */; };
		447023102A6DAA2F003A10AE /* PokemonDetails+Codable.swift in Sources */ = {isa = PBXBuildFile; fileRef = 4470230F2A6DAA2F003A10AE /* PokemonDetails+Codable.swift */; };
		447023122A6DE7F2003A10AE /* TitleText.swift in Sources */ = {isa = PBXBuildFile; fileRef = 447023112A6DE7F2003A10AE /* TitleText.swift */; };
		447023142A6DEB40003A10AE /* SubtitleView.swift in Sources */ = {isa = PBXBuildFile; fileRef = 447023132A6DEB40003A10AE /* SubtitleView.swift */; };
		447023162A6DEC25003A10AE /* SubtitleText.swift in Sources */ = {isa = PBXBuildFile; fileRef = 447023152A6DEC25003A10AE /* SubtitleText.swift */; };
		447023192A6DEFC6003A10AE /* ErrorView.swift in Sources */ = {isa = PBXBuildFile; fileRef = 447023182A6DEFC6003A10AE /* ErrorView.swift */; };
		4470231B2A6DF24A003A10AE /* View+Extension.swift in Sources */ = {isa = PBXBuildFile; fileRef = 4470231A2A6DF24A003A10AE /* View+Extension.swift */; };
		44A03EE22A6EAA9000E6E5B1 /* Sprites+Codable.swift in Sources */ = {isa = PBXBuildFile; fileRef = 44A03EE12A6EAA9000E6E5B1 /* Sprites+Codable.swift */; };
/* End PBXBuildFile section */

/* Begin PBXFileReference section */
		447022D72A6D2BB1003A10AE /* Pokemon.app */ = {isa = PBXFileReference; explicitFileType = wrapper.application; includeInIndex = 0; path = Pokemon.app; sourceTree = BUILT_PRODUCTS_DIR; };
		447022DA2A6D2BB1003A10AE /* PokemonApp.swift */ = {isa = PBXFileReference; lastKnownFileType = sourcecode.swift; path = PokemonApp.swift; sourceTree = "<group>"; };
		447022DC2A6D2BB1003A10AE /* HomepageView.swift */ = {isa = PBXFileReference; lastKnownFileType = sourcecode.swift; path = HomepageView.swift; sourceTree = "<group>"; };
		447022DE2A6D2BB2003A10AE /* Assets.xcassets */ = {isa = PBXFileReference; lastKnownFileType = folder.assetcatalog; path = Assets.xcassets; sourceTree = "<group>"; };
		447022E12A6D2BB2003A10AE /* Preview Assets.xcassets */ = {isa = PBXFileReference; lastKnownFileType = folder.assetcatalog; path = "Preview Assets.xcassets"; sourceTree = "<group>"; };
		447022EE2A6D31A7003A10AE /* NetworkService.swift */ = {isa = PBXFileReference; lastKnownFileType = sourcecode.swift; path = NetworkService.swift; sourceTree = "<group>"; };
		447022F02A6D32DE003A10AE /* RequestBuilder.swift */ = {isa = PBXFileReference; lastKnownFileType = sourcecode.swift; path = RequestBuilder.swift; sourceTree = "<group>"; };
		447022F22A6D3546003A10AE /* HTTPMethod.swift */ = {isa = PBXFileReference; lastKnownFileType = sourcecode.swift; path = HTTPMethod.swift; sourceTree = "<group>"; };
		447022F42A6D3648003A10AE /* Environment.swift */ = {isa = PBXFileReference; lastKnownFileType = sourcecode.swift; path = Environment.swift; sourceTree = "<group>"; };
		447022F92A6D3A6C003A10AE /* PokemonRequest.swift */ = {isa = PBXFileReference; lastKnownFileType = sourcecode.swift; path = PokemonRequest.swift; sourceTree = "<group>"; };
		447022FD2A6D3EA7003A10AE /* Pokemon+Codable.swift */ = {isa = PBXFileReference; lastKnownFileType = sourcecode.swift; path = "Pokemon+Codable.swift"; sourceTree = "<group>"; };
		447023002A6D4955003A10AE /* HomepageViewModel.swift */ = {isa = PBXFileReference; lastKnownFileType = sourcecode.swift; path = HomepageViewModel.swift; sourceTree = "<group>"; };
		447023032A6D4A65003A10AE /* MaterialCardView.swift */ = {isa = PBXFileReference; lastKnownFileType = sourcecode.swift; path = MaterialCardView.swift; sourceTree = "<group>"; };
		447023052A6D4B21003A10AE /* Colors.xcassets */ = {isa = PBXFileReference; lastKnownFileType = folder.assetcatalog; path = Colors.xcassets; sourceTree = "<group>"; };
		447023082A6D4B64003A10AE /* Color+Extension.swift */ = {isa = PBXFileReference; lastKnownFileType = sourcecode.swift; path = "Color+Extension.swift"; sourceTree = "<group>"; };
		4470230B2A6D56F7003A10AE /* PokemonDetailsView.swift */ = {isa = PBXFileReference; lastKnownFileType = sourcecode.swift; path = PokemonDetailsView.swift; sourceTree = "<group>"; };
		4470230D2A6D5704003A10AE /* PokemonDetailsViewModel.swift */ = {isa = PBXFileReference; lastKnownFileType = sourcecode.swift; path = PokemonDetailsViewModel.swift; sourceTree = "<group>"; };
		4470230F2A6DAA2F003A10AE /* PokemonDetails+Codable.swift */ = {isa = PBXFileReference; lastKnownFileType = sourcecode.swift; path = "PokemonDetails+Codable.swift"; sourceTree = "<group>"; };
		447023112A6DE7F2003A10AE /* TitleText.swift */ = {isa = PBXFileReference; lastKnownFileType = sourcecode.swift; path = TitleText.swift; sourceTree = "<group>"; };
		447023132A6DEB40003A10AE /* SubtitleView.swift */ = {isa = PBXFileReference; lastKnownFileType = sourcecode.swift; path = SubtitleView.swift; sourceTree = "<group>"; };
		447023152A6DEC25003A10AE /* SubtitleText.swift */ = {isa = PBXFileReference; lastKnownFileType = sourcecode.swift; path = SubtitleText.swift; sourceTree = "<group>"; };
		447023182A6DEFC6003A10AE /* ErrorView.swift */ = {isa = PBXFileReference; lastKnownFileType = sourcecode.swift; path = ErrorView.swift; sourceTree = "<group>"; };
		4470231A2A6DF24A003A10AE /* View+Extension.swift */ = {isa = PBXFileReference; lastKnownFileType = sourcecode.swift; path = "View+Extension.swift"; sourceTree = "<group>"; };
		44A03EE12A6EAA9000E6E5B1 /* Sprites+Codable.swift */ = {isa = PBXFileReference; lastKnownFileType = sourcecode.swift; path = "Sprites+Codable.swift"; sourceTree = "<group>"; };
/* End PBXFileReference section */

/* Begin PBXFrameworksBuildPhase section */
		447022D42A6D2BB1003A10AE /* Frameworks */ = {
			isa = PBXFrameworksBuildPhase;
			buildActionMask = 2147483647;
			files = (
			);
			runOnlyForDeploymentPostprocessing = 0;
		};
/* End PBXFrameworksBuildPhase section */

/* Begin PBXGroup section */
		447022CE2A6D2BB0003A10AE = {
			isa = PBXGroup;
			children = (
				447022D92A6D2BB1003A10AE /* Pokemon */,
				447022D82A6D2BB1003A10AE /* Products */,
			);
			sourceTree = "<group>";
		};
		447022D82A6D2BB1003A10AE /* Products */ = {
			isa = PBXGroup;
			children = (
				447022D72A6D2BB1003A10AE /* Pokemon.app */,
			);
			name = Products;
			sourceTree = "<group>";
		};
		447022D92A6D2BB1003A10AE /* Pokemon */ = {
			isa = PBXGroup;
			children = (
				447022E82A6D302F003A10AE /* App */,
				447022EA2A6D304E003A10AE /* Screens */,
				447022FB2A6D3E8A003A10AE /* Business */,
				447022EB2A6D3053003A10AE /* DataAccess */,
				447023072A6D4B43003A10AE /* Extensions */,
				447022E92A6D303E003A10AE /* Resources */,
			);
			path = Pokemon;
			sourceTree = "<group>";
		};
		447022E02A6D2BB2003A10AE /* Preview Content */ = {
			isa = PBXGroup;
			children = (
				447022E12A6D2BB2003A10AE /* Preview Assets.xcassets */,
			);
			path = "Preview Content";
			sourceTree = "<group>";
		};
		447022E82A6D302F003A10AE /* App */ = {
			isa = PBXGroup;
			children = (
				447022DA2A6D2BB1003A10AE /* PokemonApp.swift */,
				447022F42A6D3648003A10AE /* Environment.swift */,
			);
			path = App;
			sourceTree = "<group>";
		};
		447022E92A6D303E003A10AE /* Resources */ = {
			isa = PBXGroup;
			children = (
				447022E02A6D2BB2003A10AE /* Preview Content */,
				447022DE2A6D2BB2003A10AE /* Assets.xcassets */,
				447023052A6D4B21003A10AE /* Colors.xcassets */,
			);
			path = Resources;
			sourceTree = "<group>";
		};
		447022EA2A6D304E003A10AE /* Screens */ = {
			isa = PBXGroup;
			children = (
				447023172A6DEFB7003A10AE /* Error */,
				447023022A6D4A50003A10AE /* UIComponents */,
				4470230A2A6D56E3003A10AE /* Pokemon Details */,
				447022FF2A6D4939003A10AE /* Homepage */,
			);
			path = Screens;
			sourceTree = "<group>";
		};
		447022EB2A6D3053003A10AE /* DataAccess */ = {
			isa = PBXGroup;
			children = (
				447022ED2A6D30B6003A10AE /* Cache */,
				447022EC2A6D30AF003A10AE /* Network */,
			);
			path = DataAccess;
			sourceTree = "<group>";
		};
		447022EC2A6D30AF003A10AE /* Network */ = {
			isa = PBXGroup;
			children = (
				447022F72A6D3A4D003A10AE /* Requests */,
				447022F62A6D3A45003A10AE /* Service */,
				447022F22A6D3546003A10AE /* HTTPMethod.swift */,
			);
			path = Network;
			sourceTree = "<group>";
		};
		447022ED2A6D30B6003A10AE /* Cache */ = {
			isa = PBXGroup;
			children = (
			);
			path = Cache;
			sourceTree = "<group>";
		};
		447022F62A6D3A45003A10AE /* Service */ = {
			isa = PBXGroup;
			children = (
				447022EE2A6D31A7003A10AE /* NetworkService.swift */,
			);
			path = Service;
			sourceTree = "<group>";
		};
		447022F72A6D3A4D003A10AE /* Requests */ = {
			isa = PBXGroup;
			children = (
				447022F82A6D3A56003A10AE /* Builder */,
				447022F92A6D3A6C003A10AE /* PokemonRequest.swift */,
			);
			path = Requests;
			sourceTree = "<group>";
		};
		447022F82A6D3A56003A10AE /* Builder */ = {
			isa = PBXGroup;
			children = (
				447022F02A6D32DE003A10AE /* RequestBuilder.swift */,
			);
			path = Builder;
			sourceTree = "<group>";
		};
		447022FB2A6D3E8A003A10AE /* Business */ = {
			isa = PBXGroup;
			children = (
				447022FC2A6D3E90003A10AE /* Models */,
			);
			path = Business;
			sourceTree = "<group>";
		};
		447022FC2A6D3E90003A10AE /* Models */ = {
			isa = PBXGroup;
			children = (
				447022FD2A6D3EA7003A10AE /* Pokemon+Codable.swift */,
				4470230F2A6DAA2F003A10AE /* PokemonDetails+Codable.swift */,
				44A03EE12A6EAA9000E6E5B1 /* Sprites+Codable.swift */,
			);
			path = Models;
			sourceTree = "<group>";
		};
		447022FF2A6D4939003A10AE /* Homepage */ = {
			isa = PBXGroup;
			children = (
				447022DC2A6D2BB1003A10AE /* HomepageView.swift */,
				447023002A6D4955003A10AE /* HomepageViewModel.swift */,
			);
			path = Homepage;
			sourceTree = "<group>";
		};
		447023022A6D4A50003A10AE /* UIComponents */ = {
			isa = PBXGroup;
			children = (
				447023032A6D4A65003A10AE /* MaterialCardView.swift */,
				447023112A6DE7F2003A10AE /* TitleText.swift */,
				447023132A6DEB40003A10AE /* SubtitleView.swift */,
				447023152A6DEC25003A10AE /* SubtitleText.swift */,
			);
			path = UIComponents;
			sourceTree = "<group>";
		};
		447023072A6D4B43003A10AE /* Extensions */ = {
			isa = PBXGroup;
			children = (
				447023082A6D4B64003A10AE /* Color+Extension.swift */,
				4470231A2A6DF24A003A10AE /* View+Extension.swift */,
			);
			path = Extensions;
			sourceTree = "<group>";
		};
		4470230A2A6D56E3003A10AE /* Pokemon Details */ = {
			isa = PBXGroup;
			children = (
				4470230B2A6D56F7003A10AE /* PokemonDetailsView.swift */,
				4470230D2A6D5704003A10AE /* PokemonDetailsViewModel.swift */,
			);
			path = "Pokemon Details";
			sourceTree = "<group>";
		};
		447023172A6DEFB7003A10AE /* Error */ = {
			isa = PBXGroup;
			children = (
				447023182A6DEFC6003A10AE /* ErrorView.swift */,
			);
			path = Error;
			sourceTree = "<group>";
		};
/* End PBXGroup section */

/* Begin PBXNativeTarget section */
		447022D62A6D2BB1003A10AE /* Pokemon */ = {
			isa = PBXNativeTarget;
			buildConfigurationList = 447022E52A6D2BB2003A10AE /* Build configuration list for PBXNativeTarget "Pokemon" */;
			buildPhases = (
				447022D32A6D2BB1003A10AE /* Sources */,
				447022D42A6D2BB1003A10AE /* Frameworks */,
				44A03EE02A6EA9BC00E6E5B1 /* Swiftlint */,
				447022D52A6D2BB1003A10AE /* Resources */,
			);
			buildRules = (
			);
			dependencies = (
			);
			name = Pokemon;
			productName = Pokemon;
			productReference = 447022D72A6D2BB1003A10AE /* Pokemon.app */;
			productType = "com.apple.product-type.application";
		};
/* End PBXNativeTarget section */

/* Begin PBXProject section */
		447022CF2A6D2BB0003A10AE /* Project object */ = {
			isa = PBXProject;
			attributes = {
				BuildIndependentTargetsInParallel = 1;
				LastSwiftUpdateCheck = 1420;
				LastUpgradeCheck = 1420;
				TargetAttributes = {
					447022D62A6D2BB1003A10AE = {
						CreatedOnToolsVersion = 14.2;
					};
				};
			};
			buildConfigurationList = 447022D22A6D2BB0003A10AE /* Build configuration list for PBXProject "Pokemon" */;
			compatibilityVersion = "Xcode 14.0";
			developmentRegion = en;
			hasScannedForEncodings = 0;
			knownRegions = (
				en,
				Base,
			);
			mainGroup = 447022CE2A6D2BB0003A10AE;
			productRefGroup = 447022D82A6D2BB1003A10AE /* Products */;
			projectDirPath = "";
			projectRoot = "";
			targets = (
				447022D62A6D2BB1003A10AE /* Pokemon */,
			);
		};
/* End PBXProject section */

/* Begin PBXResourcesBuildPhase section */
		447022D52A6D2BB1003A10AE /* Resources */ = {
			isa = PBXResourcesBuildPhase;
			buildActionMask = 2147483647;
			files = (
				447023062A6D4B21003A10AE /* Colors.xcassets in Resources */,
				447022E22A6D2BB2003A10AE /* Preview Assets.xcassets in Resources */,
				447022DF2A6D2BB2003A10AE /* Assets.xcassets in Resources */,
			);
			runOnlyForDeploymentPostprocessing = 0;
		};
/* End PBXResourcesBuildPhase section */

/* Begin PBXShellScriptBuildPhase section */
		44A03EE02A6EA9BC00E6E5B1 /* Swiftlint */ = {
			isa = PBXShellScriptBuildPhase;
			alwaysOutOfDate = 1;
			buildActionMask = 2147483647;
			files = (
			);
			inputFileListPaths = (
			);
			inputPaths = (
			);
			name = Swiftlint;
			outputFileListPaths = (
			);
			outputPaths = (
			);
			runOnlyForDeploymentPostprocessing = 0;
			shellPath = /bin/sh;
			shellScript = "# Type a script or drag a script file from your workspace to insert its path.\nif [[ \"$(uname -m)\" == arm64 ]]; then\n    export PATH=\"/opt/homebrew/bin:$PATH\"\nfi\n\nif which swiftlint > /dev/null; then\n  swiftlint\nelse\n  echo \"warning: SwiftLint not installed, download from https://github.com/realm/SwiftLint\"\nfi\n";
		};
/* End PBXShellScriptBuildPhase section */

/* Begin PBXSourcesBuildPhase section */
		447022D32A6D2BB1003A10AE /* Sources */ = {
			isa = PBXSourcesBuildPhase;
			buildActionMask = 2147483647;
			files = (
				447022DD2A6D2BB1003A10AE /* HomepageView.swift in Sources */,
				4470230C2A6D56F7003A10AE /* PokemonDetailsView.swift in Sources */,
				447022F52A6D3648003A10AE /* Environment.swift in Sources */,
				4470231B2A6DF24A003A10AE /* View+Extension.swift in Sources */,
				447022EF2A6D31A7003A10AE /* NetworkService.swift in Sources */,
				447023142A6DEB40003A10AE /* SubtitleView.swift in Sources */,
				447022DB2A6D2BB1003A10AE /* PokemonApp.swift in Sources */,
				44A03EE22A6EAA9000E6E5B1 /* Sprites+Codable.swift in Sources */,
				447023012A6D4955003A10AE /* HomepageViewModel.swift in Sources */,
				447023192A6DEFC6003A10AE /* ErrorView.swift in Sources */,
				447022F32A6D3546003A10AE /* HTTPMethod.swift in Sources */,
				447022FA2A6D3A6C003A10AE /* PokemonRequest.swift in Sources */,
				4470230E2A6D5704003A10AE /* PokemonDetailsViewModel.swift in Sources */,
				447023102A6DAA2F003A10AE /* PokemonDetails+Codable.swift in Sources */,
				447022FE2A6D3EA7003A10AE /* Pokemon+Codable.swift in Sources */,
				447022F12A6D32DE003A10AE /* RequestBuilder.swift in Sources */,
				447023092A6D4B64003A10AE /* Color+Extension.swift in Sources */,
				447023042A6D4A65003A10AE /* MaterialCardView.swift in Sources */,
				447023122A6DE7F2003A10AE /* TitleText.swift in Sources */,
				447023162A6DEC25003A10AE /* SubtitleText.swift in Sources */,
			);
			runOnlyForDeploymentPostprocessing = 0;
		};
/* End PBXSourcesBuildPhase section */

/* Begin XCBuildConfiguration section */
		447022E32A6D2BB2003A10AE /* Debug */ = {
			isa = XCBuildConfiguration;
			buildSettings = {
				ALWAYS_SEARCH_USER_PATHS = NO;
				CLANG_ANALYZER_NONNULL = YES;
				CLANG_ANALYZER_NUMBER_OBJECT_CONVERSION = YES_AGGRESSIVE;
				CLANG_CXX_LANGUAGE_STANDARD = "gnu++20";
				CLANG_ENABLE_MODULES = YES;
				CLANG_ENABLE_OBJC_ARC = YES;
				CLANG_ENABLE_OBJC_WEAK = YES;
				CLANG_WARN_BLOCK_CAPTURE_AUTORELEASING = YES;
				CLANG_WARN_BOOL_CONVERSION = YES;
				CLANG_WARN_COMMA = YES;
				CLANG_WARN_CONSTANT_CONVERSION = YES;
				CLANG_WARN_DEPRECATED_OBJC_IMPLEMENTATIONS = YES;
				CLANG_WARN_DIRECT_OBJC_ISA_USAGE = YES_ERROR;
				CLANG_WARN_DOCUMENTATION_COMMENTS = YES;
				CLANG_WARN_EMPTY_BODY = YES;
				CLANG_WARN_ENUM_CONVERSION = YES;
				CLANG_WARN_INFINITE_RECURSION = YES;
				CLANG_WARN_INT_CONVERSION = YES;
				CLANG_WARN_NON_LITERAL_NULL_CONVERSION = YES;
				CLANG_WARN_OBJC_IMPLICIT_RETAIN_SELF = YES;
				CLANG_WARN_OBJC_LITERAL_CONVERSION = YES;
				CLANG_WARN_OBJC_ROOT_CLASS = YES_ERROR;
				CLANG_WARN_QUOTED_INCLUDE_IN_FRAMEWORK_HEADER = YES;
				CLANG_WARN_RANGE_LOOP_ANALYSIS = YES;
				CLANG_WARN_STRICT_PROTOTYPES = YES;
				CLANG_WARN_SUSPICIOUS_MOVE = YES;
				CLANG_WARN_UNGUARDED_AVAILABILITY = YES_AGGRESSIVE;
				CLANG_WARN_UNREACHABLE_CODE = YES;
				CLANG_WARN__DUPLICATE_METHOD_MATCH = YES;
				COPY_PHASE_STRIP = NO;
				DEBUG_INFORMATION_FORMAT = dwarf;
				ENABLE_STRICT_OBJC_MSGSEND = YES;
				ENABLE_TESTABILITY = YES;
				GCC_C_LANGUAGE_STANDARD = gnu11;
				GCC_DYNAMIC_NO_PIC = NO;
				GCC_NO_COMMON_BLOCKS = YES;
				GCC_OPTIMIZATION_LEVEL = 0;
				GCC_PREPROCESSOR_DEFINITIONS = (
					"DEBUG=1",
					"$(inherited)",
				);
				GCC_WARN_64_TO_32_BIT_CONVERSION = YES;
				GCC_WARN_ABOUT_RETURN_TYPE = YES_ERROR;
				GCC_WARN_UNDECLARED_SELECTOR = YES;
				GCC_WARN_UNINITIALIZED_AUTOS = YES_AGGRESSIVE;
				GCC_WARN_UNUSED_FUNCTION = YES;
				GCC_WARN_UNUSED_VARIABLE = YES;
				IPHONEOS_DEPLOYMENT_TARGET = 16.2;
				MTL_ENABLE_DEBUG_INFO = INCLUDE_SOURCE;
				MTL_FAST_MATH = YES;
				ONLY_ACTIVE_ARCH = YES;
				SDKROOT = iphoneos;
				SWIFT_ACTIVE_COMPILATION_CONDITIONS = DEBUG;
				SWIFT_OPTIMIZATION_LEVEL = "-Onone";
			};
			name = Debug;
		};
		447022E42A6D2BB2003A10AE /* Release */ = {
			isa = XCBuildConfiguration;
			buildSettings = {
				ALWAYS_SEARCH_USER_PATHS = NO;
				CLANG_ANALYZER_NONNULL = YES;
				CLANG_ANALYZER_NUMBER_OBJECT_CONVERSION = YES_AGGRESSIVE;
				CLANG_CXX_LANGUAGE_STANDARD = "gnu++20";
				CLANG_ENABLE_MODULES = YES;
				CLANG_ENABLE_OBJC_ARC = YES;
				CLANG_ENABLE_OBJC_WEAK = YES;
				CLANG_WARN_BLOCK_CAPTURE_AUTORELEASING = YES;
				CLANG_WARN_BOOL_CONVERSION = YES;
				CLANG_WARN_COMMA = YES;
				CLANG_WARN_CONSTANT_CONVERSION = YES;
				CLANG_WARN_DEPRECATED_OBJC_IMPLEMENTATIONS = YES;
				CLANG_WARN_DIRECT_OBJC_ISA_USAGE = YES_ERROR;
				CLANG_WARN_DOCUMENTATION_COMMENTS = YES;
				CLANG_WARN_EMPTY_BODY = YES;
				CLANG_WARN_ENUM_CONVERSION = YES;
				CLANG_WARN_INFINITE_RECURSION = YES;
				CLANG_WARN_INT_CONVERSION = YES;
				CLANG_WARN_NON_LITERAL_NULL_CONVERSION = YES;
				CLANG_WARN_OBJC_IMPLICIT_RETAIN_SELF = YES;
				CLANG_WARN_OBJC_LITERAL_CONVERSION = YES;
				CLANG_WARN_OBJC_ROOT_CLASS = YES_ERROR;
				CLANG_WARN_QUOTED_INCLUDE_IN_FRAMEWORK_HEADER = YES;
				CLANG_WARN_RANGE_LOOP_ANALYSIS = YES;
				CLANG_WARN_STRICT_PROTOTYPES = YES;
				CLANG_WARN_SUSPICIOUS_MOVE = YES;
				CLANG_WARN_UNGUARDED_AVAILABILITY = YES_AGGRESSIVE;
				CLANG_WARN_UNREACHABLE_CODE = YES;
				CLANG_WARN__DUPLICATE_METHOD_MATCH = YES;
				COPY_PHASE_STRIP = NO;
				DEBUG_INFORMATION_FORMAT = "dwarf-with-dsym";
				ENABLE_NS_ASSERTIONS = NO;
				ENABLE_STRICT_OBJC_MSGSEND = YES;
				GCC_C_LANGUAGE_STANDARD = gnu11;
				GCC_NO_COMMON_BLOCKS = YES;
				GCC_WARN_64_TO_32_BIT_CONVERSION = YES;
				GCC_WARN_ABOUT_RETURN_TYPE = YES_ERROR;
				GCC_WARN_UNDECLARED_SELECTOR = YES;
				GCC_WARN_UNINITIALIZED_AUTOS = YES_AGGRESSIVE;
				GCC_WARN_UNUSED_FUNCTION = YES;
				GCC_WARN_UNUSED_VARIABLE = YES;
				IPHONEOS_DEPLOYMENT_TARGET = 16.2;
				MTL_ENABLE_DEBUG_INFO = NO;
				MTL_FAST_MATH = YES;
				SDKROOT = iphoneos;
				SWIFT_COMPILATION_MODE = wholemodule;
				SWIFT_OPTIMIZATION_LEVEL = "-O";
				VALIDATE_PRODUCT = YES;
			};
			name = Release;
		};
		447022E62A6D2BB2003A10AE /* Debug */ = {
			isa = XCBuildConfiguration;
			buildSettings = {
				ASSETCATALOG_COMPILER_APPICON_NAME = AppIcon;
				ASSETCATALOG_COMPILER_GLOBAL_ACCENT_COLOR_NAME = AccentColor;
				CODE_SIGN_STYLE = Automatic;
				CURRENT_PROJECT_VERSION = 1;
				DEVELOPMENT_ASSET_PATHS = "\"Pokemon/Resources/Preview Content\"";
				ENABLE_PREVIEWS = YES;
				GENERATE_INFOPLIST_FILE = YES;
				INFOPLIST_KEY_UIApplicationSceneManifest_Generation = YES;
				INFOPLIST_KEY_UIApplicationSupportsIndirectInputEvents = YES;
				INFOPLIST_KEY_UILaunchScreen_Generation = YES;
				INFOPLIST_KEY_UISupportedInterfaceOrientations_iPad = "UIInterfaceOrientationPortrait UIInterfaceOrientationPortraitUpsideDown UIInterfaceOrientationLandscapeLeft UIInterfaceOrientationLandscapeRight";
				INFOPLIST_KEY_UISupportedInterfaceOrientations_iPhone = "UIInterfaceOrientationPortrait UIInterfaceOrientationLandscapeLeft UIInterfaceOrientationLandscapeRight";
				LD_RUNPATH_SEARCH_PATHS = (
					"$(inherited)",
					"@executable_path/Frameworks",
				);
				MARKETING_VERSION = 1.0;
				PRODUCT_BUNDLE_IDENTIFIER = com.kerim.njuhovic.Pokemon;
				PRODUCT_NAME = "$(TARGET_NAME)";
				SWIFT_EMIT_LOC_STRINGS = YES;
				SWIFT_VERSION = 5.0;
				TARGETED_DEVICE_FAMILY = "1,2";
			};
			name = Debug;
		};
		447022E72A6D2BB2003A10AE /* Release */ = {
			isa = XCBuildConfiguration;
			buildSettings = {
				ASSETCATALOG_COMPILER_APPICON_NAME = AppIcon;
				ASSETCATALOG_COMPILER_GLOBAL_ACCENT_COLOR_NAME = AccentColor;
				CODE_SIGN_STYLE = Automatic;
				CURRENT_PROJECT_VERSION = 1;
				DEVELOPMENT_ASSET_PATHS = "\"Pokemon/Resources/Preview Content\"";
				ENABLE_PREVIEWS = YES;
				GENERATE_INFOPLIST_FILE = YES;
				INFOPLIST_KEY_UIApplicationSceneManifest_Generation = YES;
				INFOPLIST_KEY_UIApplicationSupportsIndirectInputEvents = YES;
				INFOPLIST_KEY_UILaunchScreen_Generation = YES;
				INFOPLIST_KEY_UISupportedInterfaceOrientations_iPad = "UIInterfaceOrientationPortrait UIInterfaceOrientationPortraitUpsideDown UIInterfaceOrientationLandscapeLeft UIInterfaceOrientationLandscapeRight";
				INFOPLIST_KEY_UISupportedInterfaceOrientations_iPhone = "UIInterfaceOrientationPortrait UIInterfaceOrientationLandscapeLeft UIInterfaceOrientationLandscapeRight";
				LD_RUNPATH_SEARCH_PATHS = (
					"$(inherited)",
					"@executable_path/Frameworks",
				);
				MARKETING_VERSION = 1.0;
				PRODUCT_BUNDLE_IDENTIFIER = com.kerim.njuhovic.Pokemon;
				PRODUCT_NAME = "$(TARGET_NAME)";
				SWIFT_EMIT_LOC_STRINGS = YES;
				SWIFT_VERSION = 5.0;
				TARGETED_DEVICE_FAMILY = "1,2";
			};
			name = Release;
		};
/* End XCBuildConfiguration section */

/* Begin XCConfigurationList section */
		447022D22A6D2BB0003A10AE /* Build configuration list for PBXProject "Pokemon" */ = {
			isa = XCConfigurationList;
			buildConfigurations = (
				447022E32A6D2BB2003A10AE /* Debug */,
				447022E42A6D2BB2003A10AE /* Release */,
			);
			defaultConfigurationIsVisible = 0;
			defaultConfigurationName = Release;
		};
		447022E52A6D2BB2003A10AE /* Build configuration list for PBXNativeTarget "Pokemon" */ = {
			isa = XCConfigurationList;
			buildConfigurations = (
				447022E62A6D2BB2003A10AE /* Debug */,
				447022E72A6D2BB2003A10AE /* Release */,
			);
			defaultConfigurationIsVisible = 0;
			defaultConfigurationName = Release;
		};
/* End XCConfigurationList section */
	};
	rootObject = 447022CF2A6D2BB0003A10AE /* Project object */;
}
